
Microsoft Visual Studio Solution File, Format Version 11.00
# Visual Studio 2010
Project("{FAE04EC0-301F-11D3-BF4B-00C04F79EFBC}") = "Assembly-CSharp", "Assembly-CSharp.csproj", "{96e9d75a-594f-8c9f-efba-b9d8431367e9}"
EndProject
Project("{FAE04EC0-301F-11D3-BF4B-00C04F79EFBC}") = "PhotonVoice.API", "PhotonVoice.API.csproj", "{2a9f75e8-aa3f-505b-284c-be000f4d500c}"
EndProject
Project("{FAE04EC0-301F-11D3-BF4B-00C04F79EFBC}") = "PhotonVoice", "PhotonVoice.csproj", "{961d930d-aafa-df3a-2164-1edea7d74646}"
EndProject
Project("{FAE04EC0-301F-11D3-BF4B-00C04F79EFBC}") = "PhotonUnityNetworking.Demos", "PhotonUnityNetworking.Demos.csproj", "{d4ec6644-b611-1c6e-e4a0-6c5bc140cd94}"
EndProject
Project("{FAE04EC0-301F-11D3-BF4B-00C04F79EFBC}") = "PhotonRealtime", "PhotonRealtime.csproj", "{d5126918-a5b8-b051-d0fc-a2600711f281}"
EndProject
Project("{FAE04EC0-301F-11D3-BF4B-00C04F79EFBC}") = "PhotonUnityNetworking", "PhotonUnityNetworking.csproj", "{12cccf02-f238-d238-ef09-c44ea8398869}"
EndProject
Project("{FAE04EC0-301F-11D3-BF4B-00C04F79EFBC}") = "PhotonUnityNetworking.Utilities", "PhotonUnityNetworking.Utilities.csproj", "{67694b36-3920-04fd-ec3a-0cc11493d3d6}"
EndProject
Project("{FAE04EC0-301F-11D3-BF4B-00C04F79EFBC}") = "PhotonChat", "PhotonChat.csproj", "{5656518d-6ae1-7aa1-c604-f527715e47d2}"
EndProject
Project("{FAE04EC0-301F-11D3-BF4B-00C04F79EFBC}") = "PhotonVoice.PUN", "PhotonVoice.PUN.csproj", "{0884f5b9-abdf-6ad1-b6c0-1eb231b784a6}"
EndProject
Project("{FAE04EC0-301F-11D3-BF4B-00C04F79EFBC}") = "PhotonUnityNetworking.Editor", "PhotonUnityNetworking.Editor.csproj", "{af52c7e1-a5e7-5c70-2c4b-647264a1ef28}"
EndProject
Project("{FAE04EC0-301F-11D3-BF4B-00C04F79EFBC}") = "PhotonVoice.Editor", "PhotonVoice.Editor.csproj", "{0762d42e-1861-8092-519b-f2a6d648954b}"
EndProject
Project("{FAE04EC0-301F-11D3-BF4B-00C04F79EFBC}") = "PhotonUnityNetworking.Utilities.PhotonPlayer.Editor", "PhotonUnityNetworking.Utilities.PhotonPlayer.Editor.csproj", "{c853e901-76cc-eb71-4235-10031d33c878}"
EndProject
Project("{FAE04EC0-301F-11D3-BF4B-00C04F79EFBC}") = "PunDemos.DemoSlotcarEditor", "PunDemos.DemoSlotcarEditor.csproj", "{0e26e4d9-b2a7-7e93-f46b-1cc3c10d143e}"
EndProject
Project("{FAE04EC0-301F-11D3-BF4B-00C04F79EFBC}") = "PhotonUnityNetworking.Utilities.Culling.Editor", "PhotonUnityNetworking.Utilities.Culling.Editor.csproj", "{08bf7baa-4e9e-4b09-18f6-f9771db9f2fa}"
EndProject
Project("{FAE04EC0-301F-11D3-BF4B-00C04F79EFBC}") = "PunDemos.DemoHubEditor", "PunDemos.DemoHubEditor.csproj", "{6aa883e2-f504-57ca-f8d0-6b34708b59f3}"
EndProject
Project("{FAE04EC0-301F-11D3-BF4B-00C04F79EFBC}") = "PhotonVoice.Utilities.Editor", "PhotonVoice.Utilities.Editor.csproj", "{45355700-69af-09ca-5cad-8452eae8d341}"
EndProject
Project("{FAE04EC0-301F-11D3-BF4B-00C04F79EFBC}") = "Assembly-CSharp-Editor", "Assembly-CSharp-Editor.csproj", "{ff103e6d-dc04-319f-88ab-8fff6cfc2d27}"
EndProject
Project("{FAE04EC0-301F-11D3-BF4B-00C04F79EFBC}") = "PhotonVoice.PUN.Editor", "PhotonVoice.PUN.Editor.csproj", "{1a500dc1-c8b1-1771-2736-49aff1374837}"
EndProject
Global
	GlobalSection(SolutionConfigurationPlatforms) = preSolution
		Debug|Any CPU = Debug|Any CPU
	EndGlobalSection
	GlobalSection(ProjectConfigurationPlatforms) = postSolution
		{96e9d75a-594f-8c9f-efba-b9d8431367e9}.Debug|Any CPU.ActiveCfg = Debug|Any CPU
		{96e9d75a-594f-8c9f-efba-b9d8431367e9}.Debug|Any CPU.Build.0 = Debug|Any CPU
		{2a9f75e8-aa3f-505b-284c-be000f4d500c}.Debug|Any CPU.ActiveCfg = Debug|Any CPU
		{2a9f75e8-aa3f-505b-284c-be000f4d500c}.Debug|Any CPU.Build.0 = Debug|Any CPU
		{961d930d-aafa-df3a-2164-1edea7d74646}.Debug|Any CPU.ActiveCfg = Debug|Any CPU
		{961d930d-aafa-df3a-2164-1edea7d74646}.Debug|Any CPU.Build.0 = Debug|Any CPU
		{d4ec6644-b611-1c6e-e4a0-6c5bc140cd94}.Debug|Any CPU.ActiveCfg = Debug|Any CPU
		{d4ec6644-b611-1c6e-e4a0-6c5bc140cd94}.Debug|Any CPU.Build.0 = Debug|Any CPU
		{d5126918-a5b8-b051-d0fc-a2600711f281}.Debug|Any CPU.ActiveCfg = Debug|Any CPU
		{d5126918-a5b8-b051-d0fc-a2600711f281}.Debug|Any CPU.Build.0 = Debug|Any CPU
		{12cccf02-f238-d238-ef09-c44ea8398869}.Debug|Any CPU.ActiveCfg = Debug|Any CPU
		{12cccf02-f238-d238-ef09-c44ea8398869}.Debug|Any CPU.Build.0 = Debug|Any CPU
		{67694b36-3920-04fd-ec3a-0cc11493d3d6}.Debug|Any CPU.ActiveCfg = Debug|Any CPU
		{67694b36-3920-04fd-ec3a-0cc11493d3d6}.Debug|Any CPU.Build.0 = Debug|Any CPU
		{5656518d-6ae1-7aa1-c604-f527715e47d2}.Debug|Any CPU.ActiveCfg = Debug|Any CPU
		{5656518d-6ae1-7aa1-c604-f527715e47d2}.Debug|Any CPU.Build.0 = Debug|Any CPU
		{0884f5b9-abdf-6ad1-b6c0-1eb231b784a6}.Debug|Any CPU.ActiveCfg = Debug|Any CPU
		{0884f5b9-abdf-6ad1-b6c0-1eb231b784a6}.Debug|Any CPU.Build.0 = Debug|Any CPU
		{af52c7e1-a5e7-5c70-2c4b-647264a1ef28}.Debug|Any CPU.ActiveCfg = Debug|Any CPU
		{af52c7e1-a5e7-5c70-2c4b-647264a1ef28}.Debug|Any CPU.Build.0 = Debug|Any CPU
		{0762d42e-1861-8092-519b-f2a6d648954b}.Debug|Any CPU.ActiveCfg = Debug|Any CPU
		{0762d42e-1861-8092-519b-f2a6d648954b}.Debug|Any CPU.Build.0 = Debug|Any CPU
		{c853e901-76cc-eb71-4235-10031d33c878}.Debug|Any CPU.ActiveCfg = Debug|Any CPU
		{c853e901-76cc-eb71-4235-10031d33c878}.Debug|Any CPU.Build.0 = Debug|Any CPU
		{0e26e4d9-b2a7-7e93-f46b-1cc3c10d143e}.Debug|Any CPU.ActiveCfg = Debug|Any CPU
		{0e26e4d9-b2a7-7e93-f46b-1cc3c10d143e}.Debug|Any CPU.Build.0 = Debug|Any CPU
		{08bf7baa-4e9e-4b09-18f6-f9771db9f2fa}.Debug|Any CPU.ActiveCfg = Debug|Any CPU
		{08bf7baa-4e9e-4b09-18f6-f9771db9f2fa}.Debug|Any CPU.Build.0 = Debug|Any CPU
		{6aa883e2-f504-57ca-f8d0-6b34708b59f3}.Debug|Any CPU.ActiveCfg = Debug|Any CPU
		{6aa883e2-f504-57ca-f8d0-6b34708b59f3}.Debug|Any CPU.Build.0 = Debug|Any CPU
		{45355700-69af-09ca-5cad-8452eae8d341}.Debug|Any CPU.ActiveCfg = Debug|Any CPU
		{45355700-69af-09ca-5cad-8452eae8d341}.Debug|Any CPU.Build.0 = Debug|Any CPU
		{ff103e6d-dc04-319f-88ab-8fff6cfc2d27}.Debug|Any CPU.ActiveCfg = Debug|Any CPU
		{ff103e6d-dc04-319f-88ab-8fff6cfc2d27}.Debug|Any CPU.Build.0 = Debug|Any CPU
		{1a500dc1-c8b1-1771-2736-49aff1374837}.Debug|Any CPU.ActiveCfg = Debug|Any CPU
		{1a500dc1-c8b1-1771-2736-49aff1374837}.Debug|Any CPU.Build.0 = Debug|Any CPU
	EndGlobalSection
	GlobalSection(SolutionProperties) = preSolution
		HideSolutionNode = FALSE
	EndGlobalSection
EndGlobal
